Microsoft Visual Studio Solution File, Format Version 12.00
# Visual Studio Version 17
VisualStudioVersion = 17.5.2.0
MinimumVisualStudioVersion = 10.0.40219.1
Project("{FAE04EC0-301F-11D3-BF4B-00C04F79EFBC}") = "QE.UITesterControlUnit", "QE.UITesterControlUnit\QE.UITesterControlUnit.csproj", "{D4F4438C-A696-333C-E56E-A08C60053377}"
EndProject
Global
	GlobalSection(SolutionConfigurationPlatforms) = preSolution
		Debug|Any CPU = Debug|Any CPU
		Release|Any CPU = Release|Any CPU
	EndGlobalSection
	GlobalSection(ProjectConfigurationPlatforms) = postSolution
		{D4F4438C-A696-333C-E56E-A08C60053377}.Debug|Any CPU.ActiveCfg = Debug|Any CPU
		{D4F4438C-A696-333C-E56E-A08C60053377}.Debug|Any CPU.Build.0 = Debug|Any CPU
		{D4F4438C-A696-333C-E56E-A08C60053377}.Release|Any CPU.ActiveCfg = Release|Any CPU
		{D4F4438C-A696-333C-E56E-A08C60053377}.Release|Any CPU.Build.0 = Release|Any CPU
	EndGlobalSection
	GlobalSection(SolutionProperties) = preSolution
		HideSolutionNode = FALSE
	EndGlobalSection
	GlobalSection(ExtensibilityGlobals) = postSolution
		SolutionGuid = {171C0159-5895-4420-9B82-7C775DD95923}
	EndGlobalSection
EndGlobal
